// !$*UTF8*$!
{
	archiveVersion = 1;
	classes = {
	};
	objectVersion = 50;
	objects = {

/* Begin PBXBuildFile section */
		D23A162120F893CE0042CCA8 /* AppDelegate.m in Sources */ = {isa = PBXBuildFile; fileRef = D23A162020F893CE0042CCA8 /* AppDelegate.m */; };
		D23A162420F893CE0042CCA8 /* ViewController.m in Sources */ = {isa = PBXBuildFile; fileRef = D23A162320F893CE0042CCA8 /* ViewController.m */; };
		D23A162720F893CE0042CCA8 /* Main.storyboard in Resources */ = {isa = PBXBuildFile; fileRef = D23A162520F893CE0042CCA8 /* Main.storyboard */; };
		D23A162920F893D00042CCA8 /* Assets.xcassets in Resources */ = {isa = PBXBuildFile; fileRef = D23A162820F893D00042CCA8 /* Assets.xcassets */; };
		D23A162C20F893D00042CCA8 /* LaunchScreen.storyboard in Resources */ = {isa = PBXBuildFile; fileRef = D23A162A20F893D00042CCA8 /* LaunchScreen.storyboard */; };
		D23A162F20F893D00042CCA8 /* main.m in Sources */ = {isa = PBXBuildFile; fileRef = D23A162E20F893D00042CCA8 /* main.m */; };
		D23A163920F893D00042CCA8 /* LQRelayoutButtonTests.m in Sources */ = {isa = PBXBuildFile; fileRef = D23A163820F893D00042CCA8 /* LQRelayoutButtonTests.m */; };
		D23A164420F893D00042CCA8 /* LQRelayoutButtonUITests.m in Sources */ = {isa = PBXBuildFile; fileRef = D23A164320F893D00042CCA8 /* LQRelayoutButtonUITests.m */; };
		D23A165620F894030042CCA8 /* UIButton+LQRelayout.m in Sources */ = {isa = PBXBuildFile; fileRef = D23A165320F894020042CCA8 /* UIButton+LQRelayout.m */; };
		D23A165720F894030042CCA8 /* LQRelayoutButton.m in Sources */ = {isa = PBXBuildFile; fileRef = D23A165520F894030042CCA8 /* LQRelayoutButton.m */; };
		D23A165A20F894140042CCA8 /* check_icon@2x.png in Resources */ = {isa = PBXBuildFile; fileRef = D23A165820F894140042CCA8 /* check_icon@2x.png */; };
		D23A165B20F894140042CCA8 /* AppIcon60x60@3x.png in Resources */ = {isa = PBXBuildFile; fileRef = D23A165920F894140042CCA8 /* AppIcon60x60@3x.png */; };
/* End PBXBuildFile section */

/* Begin PBXContainerItemProxy section */
		D23A163520F893D00042CCA8 /* PBXContainerItemProxy */ = {
			isa = PBXContainerItemProxy;
			containerPortal = D23A161420F893CE0042CCA8 /* Project object */;
			proxyType = 1;
			remoteGlobalIDString = D23A161B20F893CE0042CCA8;
			remoteInfo = LQRelayoutButton;
		};
		D23A164020F893D00042CCA8 /* PBXContainerItemProxy */ = {
			isa = PBXContainerItemProxy;
			containerPortal = D23A161420F893CE0042CCA8 /* Project object */;
			proxyType = 1;
			remoteGlobalIDString = D23A161B20F893CE0042CCA8;
			remoteInfo = LQRelayoutButton;
		};
/* End PBXContainerItemProxy section */

/* Begin PBXFileReference section */
		D23A161C20F893CE0042CCA8 /* LQRelayoutButton.app */ = {isa = PBXFileReference; explicitFileType = wrapper.application; includeInIndex = 0; path = LQRelayoutButton.app; sourceTree = BUILT_PRODUCTS_DIR; };
		D23A161F20F893CE0042CCA8 /* AppDelegate.h */ = {isa = PBXFileReference; lastKnownFileType = sourcecode.c.h; path = AppDelegate.h; sourceTree = "<group>"; };
		D23A162020F893CE0042CCA8 /* AppDelegate.m */ = {isa = PBXFileReference; lastKnownFileType = sourcecode.c.objc; path = AppDelegate.m; sourceTree = "<group>"; };
		D23A162220F893CE0042CCA8 /* ViewController.h */ = {isa = PBXFileReference; lastKnownFileType = sourcecode.c.h; path = ViewController.h; sourceTree = "<group>"; };
		D23A162320F893CE0042CCA8 /* ViewController.m */ = {isa = PBXFileReference; lastKnownFileType = sourcecode.c.objc; path = ViewController.m; sourceTree = "<group>"; };
		D23A162620F893CE0042CCA8 /* Base */ = {isa = PBXFileReference; lastKnownFileType = file.storyboard; name = Base; path = Base.lproj/Main.storyboard; sourceTree = "<group>"; };
		D23A162820F893D00042CCA8 /* Assets.xcassets */ = {isa = PBXFileReference; lastKnownFileType = folder.assetcatalog; path = Assets.xcassets; sourceTree = "<group>"; };
		D23A162B20F893D00042CCA8 /* Base */ = {isa = PBXFileReference; lastKnownFileType = file.storyboard; name = Base; path = Base.lproj/LaunchScreen.storyboard; sourceTree = "<group>"; };
		D23A162D20F893D00042CCA8 /* Info.plist */ = {isa = PBXFileReference; lastKnownFileType = text.plist.xml; path = Info.plist; sourceTree = "<group>"; };
		D23A162E20F893D00042CCA8 /* main.m */ = {isa = PBXFileReference; lastKnownFileType = sourcecode.c.objc; path = main.m; sourceTree = "<group>"; };
		D23A163420F893D00042CCA8 /* LQRelayoutButtonTests.xctest */ = {isa = PBXFileReference; explicitFileType = wrapper.cfbundle; includeInIndex = 0; path = LQRelayoutButtonTests.xctest; sourceTree = BUILT_PRODUCTS_DIR; };
		D23A163820F893D00042CCA8 /* LQRelayoutButtonTests.m */ = {isa = PBXFileReference; lastKnownFileType = sourcecode.c.objc; path = LQRelayoutButtonTests.m; sourceTree = "<group>"; };
		D23A163A20F893D00042CCA8 /* Info.plist */ = {isa = PBXFileReference; lastKnownFileType = text.plist.xml; path = Info.plist; sourceTree = "<group>"; };
		D23A163F20F893D00042CCA8 /* LQRelayoutButtonUITests.xctest */ = {isa = PBXFileReference; explicitFileType = wrapper.cfbundle; includeInIndex = 0; path = LQRelayoutButtonUITests.xctest; sourceTree = BUILT_PRODUCTS_DIR; };
		D23A164320F893D00042CCA8 /* LQRelayoutButtonUITests.m */ = {isa = PBXFileReference; lastKnownFileType = sourcecode.c.objc; path = LQRelayoutButtonUITests.m; sourceTree = "<group>"; };
		D23A164520F893D00042CCA8 /* Info.plist */ = {isa = PBXFileReference; lastKnownFileType = text.plist.xml; path = Info.plist; sourceTree = "<group>"; };
		D23A165220F894020042CCA8 /* LQRelayoutButton.h */ = {isa = PBXFileReference; fileEncoding = 4; lastKnownFileType = sourcecode.c.h; path = LQRelayoutButton.h; sourceTree = "<group>"; };
		D23A165320F894020042CCA8 /* UIButton+LQRelayout.m */ = {isa = PBXFileReference; fileEncoding = 4; lastKnownFileType = sourcecode.c.objc; path = "UIButton+LQRelayout.m"; sourceTree = "<group>"; };
		D23A165420F894030042CCA8 /* UIButton+LQRelayout.h */ = {isa = PBXFileReference; fileEncoding = 4; lastKnownFileType = sourcecode.c.h; path = "UIButton+LQRelayout.h"; sourceTree = "<group>"; };
		D23A165520F894030042CCA8 /* LQRelayoutButton.m */ = {isa = PBXFileReference; fileEncoding = 4; lastKnownFileType = sourcecode.c.objc; path = LQRelayoutButton.m; sourceTree = "<group>"; };
		D23A165820F894140042CCA8 /* check_icon@2x.png */ = {isa = PBXFileReference; lastKnownFileType = image.png; path = "check_icon@2x.png"; sourceTree = "<group>"; };
		D23A165920F894140042CCA8 /* AppIcon60x60@3x.png */ = {isa = PBXFileReference; lastKnownFileType = image.png; path = "AppIcon60x60@3x.png"; sourceTree = "<group>"; };
/* End PBXFileReference section */

/* Begin PBXFrameworksBuildPhase section */
		D23A161920F893CE0042CCA8 /* Frameworks */ = {
			isa = PBXFrameworksBuildPhase;
			buildActionMask = 2147483647;
			files = (
			);
			runOnlyForDeploymentPostprocessing = 0;
		};
		D23A163120F893D00042CCA8 /* Frameworks */ = {
			isa = PBXFrameworksBuildPhase;
			buildActionMask = 2147483647;
			files = (
			);
			runOnlyForDeploymentPostprocessing = 0;
		};
		D23A163C20F893D00042CCA8 /* Frameworks */ = {
			isa = PBXFrameworksBuildPhase;
			buildActionMask = 2147483647;
			files = (
			);
			runOnlyForDeploymentPostprocessing = 0;
		};
/* End PBXFrameworksBuildPhase section */

/* Begin PBXGroup section */
		D23A161320F893CE0042CCA8 = {
			isa = PBXGroup;
			children = (
				D23A161E20F893CE0042CCA8 /* LQRelayoutButton */,
				D23A163720F893D00042CCA8 /* LQRelayoutButtonTests */,
				D23A164220F893D00042CCA8 /* LQRelayoutButtonUITests */,
				D23A161D20F893CE0042CCA8 /* Products */,
			);
			sourceTree = "<group>";
		};
		D23A161D20F893CE0042CCA8 /* Products */ = {
			isa = PBXGroup;
			children = (
				D23A161C20F893CE0042CCA8 /* LQRelayoutButton.app */,
				D23A163420F893D00042CCA8 /* LQRelayoutButtonTests.xctest */,
				D23A163F20F893D00042CCA8 /* LQRelayoutButtonUITests.xctest */,
			);
			name = Products;
			sourceTree = "<group>";
		};
		D23A161E20F893CE0042CCA8 /* LQRelayoutButton */ = {
			isa = PBXGroup;
			children = (
				D23A165920F894140042CCA8 /* AppIcon60x60@3x.png */,
				D23A165820F894140042CCA8 /* check_icon@2x.png */,
				D23A165120F893F40042CCA8 /* LQRelayoutButton */,
				D23A161F20F893CE0042CCA8 /* AppDelegate.h */,
				D23A162020F893CE0042CCA8 /* AppDelegate.m */,
				D23A162220F893CE0042CCA8 /* ViewController.h */,
				D23A162320F893CE0042CCA8 /* ViewController.m */,
				D23A162520F893CE0042CCA8 /* Main.storyboard */,
				D23A162820F893D00042CCA8 /* Assets.xcassets */,
				D23A162A20F893D00042CCA8 /* LaunchScreen.storyboard */,
				D23A162D20F893D00042CCA8 /* Info.plist */,
				D23A162E20F893D00042CCA8 /* main.m */,
			);
			path = LQRelayoutButton;
			sourceTree = "<group>";
		};
		D23A163720F893D00042CCA8 /* LQRelayoutButtonTests */ = {
			isa = PBXGroup;
			children = (
				D23A163820F893D00042CCA8 /* LQRelayoutButtonTests.m */,
				D23A163A20F893D00042CCA8 /* Info.plist */,
			);
			path = LQRelayoutButtonTests;
			sourceTree = "<group>";
		};
		D23A164220F893D00042CCA8 /* LQRelayoutButtonUITests */ = {
			isa = PBXGroup;
			children = (
				D23A164320F893D00042CCA8 /* LQRelayoutButtonUITests.m */,
				D23A164520F893D00042CCA8 /* Info.plist */,
			);
			path = LQRelayoutButtonUITests;
			sourceTree = "<group>";
		};
		D23A165120F893F40042CCA8 /* LQRelayoutButton */ = {
			isa = PBXGroup;
			children = (
				D23A165220F894020042CCA8 /* LQRelayoutButton.h */,
				D23A165520F894030042CCA8 /* LQRelayoutButton.m */,
				D23A165420F894030042CCA8 /* UIButton+LQRelayout.h */,
				D23A165320F894020042CCA8 /* UIButton+LQRelayout.m */,
			);
			path = LQRelayoutButton;
			sourceTree = "<group>";
		};
/* End PBXGroup section */

/* Begin PBXNativeTarget section */
		D23A161B20F893CE0042CCA8 /* LQRelayoutButton */ = {
			isa = PBXNativeTarget;
			buildConfigurationList = D23A164820F893D00042CCA8 /* Build configuration list for PBXNativeTarget "LQRelayoutButton" */;
			buildPhases = (
				D23A161820F893CE0042CCA8 /* Sources */,
				D23A161920F893CE0042CCA8 /* Frameworks */,
				D23A161A20F893CE0042CCA8 /* Resources */,
			);
			buildRules = (
			);
			dependencies = (
			);
			name = LQRelayoutButton;
			productName = LQRelayoutButton;
			productReference = D23A161C20F893CE0042CCA8 /* LQRelayoutButton.app */;
			productType = "com.apple.product-type.application";
		};
		D23A163320F893D00042CCA8 /* LQRelayoutButtonTests */ = {
			isa = PBXNativeTarget;
			buildConfigurationList = D23A164B20F893D00042CCA8 /* Build configuration list for PBXNativeTarget "LQRelayoutButtonTests" */;
			buildPhases = (
				D23A163020F893D00042CCA8 /* Sources */,
				D23A163120F893D00042CCA8 /* Frameworks */,
				D23A163220F893D00042CCA8 /* Resources */,
			);
			buildRules = (
			);
			dependencies = (
				D23A163620F893D00042CCA8 /* PBXTargetDependency */,
			);
			name = LQRelayoutButtonTests;
			productName = LQRelayoutButtonTests;
			productReference = D23A163420F893D00042CCA8 /* LQRelayoutButtonTests.xctest */;
			productType = "com.apple.product-type.bundle.unit-test";
		};
		D23A163E20F893D00042CCA8 /* LQRelayoutButtonUITests */ = {
			isa = PBXNativeTarget;
			buildConfigurationList = D23A164E20F893D00042CCA8 /* Build configuration list for PBXNativeTarget "LQRelayoutButtonUITests" */;
			buildPhases = (
				D23A163B20F893D00042CCA8 /* Sources */,
				D23A163C20F893D00042CCA8 /* Frameworks */,
				D23A163D20F893D00042CCA8 /* Resources */,
			);
			buildRules = (
			);
			dependencies = (
				D23A164120F893D00042CCA8 /* PBXTargetDependency */,
			);
			name = LQRelayoutButtonUITests;
			productName = LQRelayoutButtonUITests;
			productReference = D23A163F20F893D00042CCA8 /* LQRelayoutButtonUITests.xctest */;
			productType = "com.apple.product-type.bundle.ui-testing";
		};
/* End PBXNativeTarget section */

/* Begin PBXProject section */
		D23A161420F893CE0042CCA8 /* Project object */ = {
			isa = PBXProject;
			attributes = {
				LastUpgradeCheck = 0940;
				ORGANIZATIONNAME = QiqiangLiu;
				TargetAttributes = {
					D23A161B20F893CE0042CCA8 = {
						CreatedOnToolsVersion = 9.4.1;
					};
					D23A163320F893D00042CCA8 = {
						CreatedOnToolsVersion = 9.4.1;
						TestTargetID = D23A161B20F893CE0042CCA8;
					};
					D23A163E20F893D00042CCA8 = {
						CreatedOnToolsVersion = 9.4.1;
						TestTargetID = D23A161B20F893CE0042CCA8;
					};
				};
			};
			buildConfigurationList = D23A161720F893CE0042CCA8 /* Build configuration list for PBXProject "LQRelayoutButton" */;
			compatibilityVersion = "Xcode 9.3";
			developmentRegion = en;
			hasScannedForEncodings = 0;
			knownRegions = (
				en,
				Base,
			);
			mainGroup = D23A161320F893CE0042CCA8;
			productRefGroup = D23A161D20F893CE0042CCA8 /* Products */;
			projectDirPath = "";
			projectRoot = "";
			targets = (
				D23A161B20F893CE0042CCA8 /* LQRelayoutButton */,
				D23A163320F893D00042CCA8 /* LQRelayoutButtonTests */,
				D23A163E20F893D00042CCA8 /* LQRelayoutButtonUITests */,
			);
		};
/* End PBXProject section */

/* Begin PBXResourcesBuildPhase section */
		D23A161A20F893CE0042CCA8 /* Resources */ = {
			isa = PBXResourcesBuildPhase;
			buildActionMask = 2147483647;
			files = (
				D23A165A20F894140042CCA8 /* check_icon@2x.png in Resources */,
				D23A162C20F893D00042CCA8 /* LaunchScreen.storyboard in Resources */,
				D23A162920F893D00042CCA8 /* Assets.xcassets in Resources */,
				D23A165B20F894140042CCA8 /* AppIcon60x60@3x.png in Resources */,
				D23A162720F893CE0042CCA8 /* Main.storyboard in Resources */,
			);
			runOnlyForDeploymentPostprocessing = 0;
		};
		D23A163220F893D00042CCA8 /* Resources */ = {
			isa = PBXResourcesBuildPhase;
			buildActionMask = 2147483647;
			files = (
			);
			runOnlyForDeploymentPostprocessing = 0;
		};
		D23A163D20F893D00042CCA8 /* Resources */ = {
			isa = PBXResourcesBuildPhase;
			buildActionMask = 2147483647;
			files = (
			);
			runOnlyForDeploymentPostprocessing = 0;
		};
/* End PBXResourcesBuildPhase section */

/* Begin PBXSourcesBuildPhase section */
		D23A161820F893CE0042CCA8 /* Sources */ = {
			isa = PBXSourcesBuildPhase;
			buildActionMask = 2147483647;
			files = (
				D23A162420F893CE0042CCA8 /* ViewController.m in Sources */,
				D23A162F20F893D00042CCA8 /* main.m in Sources */,
				D23A162120F893CE0042CCA8 /* AppDelegate.m in Sources */,
				D23A165720F894030042CCA8 /* LQRelayoutButton.m in Sources */,
				D23A165620F894030042CCA8 /* UIButton+LQRelayout.m in Sources */,
			);
			runOnlyForDeploymentPostprocessing = 0;
		};
		D23A163020F893D00042CCA8 /* Sources */ = {
			isa = PBXSourcesBuildPhase;
			buildActionMask = 2147483647;
			files = (
				D23A163920F893D00042CCA8 /* LQRelayoutButtonTests.m in Sources */,
			);
			runOnlyForDeploymentPostprocessing = 0;
		};
		D23A163B20F893D00042CCA8 /* Sources */ = {
			isa = PBXSourcesBuildPhase;
			buildActionMask = 2147483647;
			files = (
				D23A164420F893D00042CCA8 /* LQRelayoutButtonUITests.m in Sources */,
			);
			runOnlyForDeploymentPostprocessing = 0;
		};
/* End PBXSourcesBuildPhase section */

/* Begin PBXTargetDependency section */
		D23A163620F893D00042CCA8 /* PBXTargetDependency */ = {
			isa = PBXTargetDependency;
			target = D23A161B20F893CE0042CCA8 /* LQRelayoutButton */;
			targetProxy = D23A163520F893D00042CCA8 /* PBXContainerItemProxy */;
		};
		D23A164120F893D00042CCA8 /* PBXTargetDependency */ = {
			isa = PBXTargetDependency;
			target = D23A161B20F893CE0042CCA8 /* LQRelayoutButton */;
			targetProxy = D23A164020F893D00042CCA8 /* PBXContainerItemProxy */;
		};
/* End PBXTargetDependency section */

/* Begin PBXVariantGroup section */
		D23A162520F893CE0042CCA8 /* Main.storyboard */ = {
			isa = PBXVariantGroup;
			children = (
				D23A162620F893CE0042CCA8 /* Base */,
			);
			name = Main.storyboard;
			sourceTree = "<group>";
		};
		D23A162A20F893D00042CCA8 /* LaunchScreen.storyboard */ = {
			isa = PBXVariantGroup;
			children = (
				D23A162B20F893D00042CCA8 /* Base */,
			);
			name = LaunchScreen.storyboard;
			sourceTree = "<group>";
		};
/* End PBXVariantGroup section */

/* Begin XCBuildConfiguration section */
		D23A164620F893D00042CCA8 /* Debug */ = {
			isa = XCBuildConfiguration;
			buildSettings = {
				ALWAYS_SEARCH_USER_PATHS = NO;
				CLANG_ANALYZER_NONNULL = YES;
				CLANG_ANALYZER_NUMBER_OBJECT_CONVERSION = YES_AGGRESSIVE;
				CLANG_CXX_LANGUAGE_STANDARD = "gnu++14";
				CLANG_CXX_LIBRARY = "libc++";
				CLANG_ENABLE_MODULES = YES;
				CLANG_ENABLE_OBJC_ARC = YES;
				CLANG_ENABLE_OBJC_WEAK = YES;
				CLANG_WARN_BLOCK_CAPTURE_AUTORELEASING = YES;
				CLANG_WARN_BOOL_CONVERSION = YES;
				CLANG_WARN_COMMA = YES;
				CLANG_WARN_CONSTANT_CONVERSION = YES;
				CLANG_WARN_DEPRECATED_OBJC_IMPLEMENTATIONS = YES;
				CLANG_WARN_DIRECT_OBJC_ISA_USAGE = YES_ERROR;
				CLANG_WARN_DOCUMENTATION_COMMENTS = YES;
				CLANG_WARN_EMPTY_BODY = YES;
				CLANG_WARN_ENUM_CONVERSION = YES;
				CLANG_WARN_INFINITE_RECURSION = YES;
				CLANG_WARN_INT_CONVERSION = YES;
				CLANG_WARN_NON_LITERAL_NULL_CONVERSION = YES;
				CLANG_WARN_OBJC_IMPLICIT_RETAIN_SELF = YES;
				CLANG_WARN_OBJC_LITERAL_CONVERSION = YES;
				CLANG_WARN_OBJC_ROOT_CLASS = YES_ERROR;
				CLANG_WARN_RANGE_LOOP_ANALYSIS = YES;
				CLANG_WARN_STRICT_PROTOTYPES = YES;
				CLANG_WARN_SUSPICIOUS_MOVE = YES;
				CLANG_WARN_UNGUARDED_AVAILABILITY = YES_AGGRESSIVE;
				CLANG_WARN_UNREACHABLE_CODE = YES;
				CLANG_WARN__DUPLICATE_METHOD_MATCH = YES;
				CODE_SIGN_IDENTITY = "iPhone Developer";
				COPY_PHASE_STRIP = NO;
				DEBUG_INFORMATION_FORMAT = dwarf;
				ENABLE_STRICT_OBJC_MSGSEND = YES;
				ENABLE_TESTABILITY = YES;
				GCC_C_LANGUAGE_STANDARD = gnu11;
				GCC_DYNAMIC_NO_PIC = NO;
				GCC_NO_COMMON_BLOCKS = YES;
				GCC_OPTIMIZATION_LEVEL = 0;
				GCC_PREPROCESSOR_DEFINITIONS = (
					"DEBUG=1",
					"$(inherited)",
				);
				GCC_WARN_64_TO_32_BIT_CONVERSION = YES;
				GCC_WARN_ABOUT_RETURN_TYPE = YES_ERROR;
				GCC_WARN_UNDECLARED_SELECTOR = YES;
				GCC_WARN_UNINITIALIZED_AUTOS = YES_AGGRESSIVE;
				GCC_WARN_UNUSED_FUNCTION = YES;
				GCC_WARN_UNUSED_VARIABLE = YES;
				IPHONEOS_DEPLOYMENT_TARGET = 11.4;
				MTL_ENABLE_DEBUG_INFO = YES;
				ONLY_ACTIVE_ARCH = YES;
				SDKROOT = iphoneos;
			};
			name = Debug;
		};
		D23A164720F893D00042CCA8 /* Release */ = {
			isa = XCBuildConfiguration;
			buildSettings = {
				ALWAYS_SEARCH_USER_PATHS = NO;
				CLANG_ANALYZER_NONNULL = YES;
				CLANG_ANALYZER_NUMBER_OBJECT_CONVERSION = YES_AGGRESSIVE;
				CLANG_CXX_LANGUAGE_STANDARD = "gnu++14";
				CLANG_CXX_LIBRARY = "libc++";
				CLANG_ENABLE_MODULES = YES;
				CLANG_ENABLE_OBJC_ARC = YES;
				CLANG_ENABLE_OBJC_WEAK = YES;
				CLANG_WARN_BLOCK_CAPTURE_AUTORELEASING = YES;
				CLANG_WARN_BOOL_CONVERSION = YES;
				CLANG_WARN_COMMA = YES;
				CLANG_WARN_CONSTANT_CONVERSION = YES;
				CLANG_WARN_DEPRECATED_OBJC_IMPLEMENTATIONS = YES;
				CLANG_WARN_DIRECT_OBJC_ISA_USAGE = YES_ERROR;
				CLANG_WARN_DOCUMENTATION_COMMENTS = YES;
				CLANG_WARN_EMPTY_BODY = YES;
				CLANG_WARN_ENUM_CONVERSION = YES;
				CLANG_WARN_INFINITE_RECURSION = YES;
				CLANG_WARN_INT_CONVERSION = YES;
				CLANG_WARN_NON_LITERAL_NULL_CONVERSION = YES;
				CLANG_WARN_OBJC_IMPLICIT_RETAIN_SELF = YES;
				CLANG_WARN_OBJC_LITERAL_CONVERSION = YES;
				CLANG_WARN_OBJC_ROOT_CLASS = YES_ERROR;
				CLANG_WARN_RANGE_LOOP_ANALYSIS = YES;
				CLANG_WARN_STRICT_PROTOTYPES = YES;
				CLANG_WARN_SUSPICIOUS_MOVE = YES;
				CLANG_WARN_UNGUARDED_AVAILABILITY = YES_AGGRESSIVE;
				CLANG_WARN_UNREACHABLE_CODE = YES;
				CLANG_WARN__DUPLICATE_METHOD_MATCH = YES;
				CODE_SIGN_IDENTITY = "iPhone Developer";
				COPY_PHASE_STRIP = NO;
				DEBUG_INFORMATION_FORMAT = "dwarf-with-dsym";
				ENABLE_NS_ASSERTIONS = NO;
				ENABLE_STRICT_OBJC_MSGSEND = YES;
				GCC_C_LANGUAGE_STANDARD = gnu11;
				GCC_NO_COMMON_BLOCKS = YES;
				GCC_WARN_64_TO_32_BIT_CONVERSION = YES;
				GCC_WARN_ABOUT_RETURN_TYPE = YES_ERROR;
				GCC_WARN_UNDECLARED_SELECTOR = YES;
				GCC_WARN_UNINITIALIZED_AUTOS = YES_AGGRESSIVE;
				GCC_WARN_UNUSED_FUNCTION = YES;
				GCC_WARN_UNUSED_VARIABLE = YES;
				IPHONEOS_DEPLOYMENT_TARGET = 11.4;
				MTL_ENABLE_DEBUG_INFO = NO;
				SDKROOT = iphoneos;
				VALIDATE_PRODUCT = YES;
			};
			name = Release;
		};
		D23A164920F893D00042CCA8 /* Debug */ = {
			isa = XCBuildConfiguration;
			buildSettings = {
				ASSETCATALOG_COMPILER_APPICON_NAME = AppIcon;
				CODE_SIGN_STYLE = Automatic;
				DEVELOPMENT_TEAM = M5AQP3WXJE;
				INFOPLIST_FILE = LQRelayoutButton/Info.plist;
				LD_RUNPATH_SEARCH_PATHS = (
					"$(inherited)",
					"@executable_path/Frameworks",
				);
				PRODUCT_BUNDLE_IDENTIFIER = com.ldshare.LQRelayoutButton;
				PRODUCT_NAME = "$(TARGET_NAME)";
				TARGETED_DEVICE_FAMILY = "1,2";
			};
			name = Debug;
		};
		D23A164A20F893D00042CCA8 /* Release */ = {
			isa = XCBuildConfiguration;
			buildSettings = {
				ASSETCATALOG_COMPILER_APPICON_NAME = AppIcon;
				CODE_SIGN_STYLE = Automatic;
				DEVELOPMENT_TEAM = M5AQP3WXJE;
				INFOPLIST_FILE = LQRelayoutButton/Info.plist;
				LD_RUNPATH_SEARCH_PATHS = (
					"$(inherited)",
					"@executable_path/Frameworks",
				);
				PRODUCT_BUNDLE_IDENTIFIER = com.ldshare.LQRelayoutButton;
				PRODUCT_NAME = "$(TARGET_NAME)";
				TARGETED_DEVICE_FAMILY = "1,2";
			};
			name = Release;
		};
		D23A164C20F893D00042CCA8 /* Debug */ = {
			isa = XCBuildConfiguration;
			buildSettings = {
				BUNDLE_LOADER = "$(TEST_HOST)";
				CODE_SIGN_STYLE = Automatic;
				DEVELOPMENT_TEAM = M5AQP3WXJE;
				INFOPLIST_FILE = LQRelayoutButtonTests/Info.plist;
				LD_RUNPATH_SEARCH_PATHS = (
					"$(inherited)",
					"@executable_path/Frameworks",
					"@loader_path/Frameworks",
				);
				PRODUCT_BUNDLE_IDENTIFIER = com.ldshare.LQRelayoutButtonTests;
				PRODUCT_NAME = "$(TARGET_NAME)";
				TARGETED_DEVICE_FAMILY = "1,2";
				TEST_HOST = "$(BUILT_PRODUCTS_DIR)/LQRelayoutButton.app/LQRelayoutButton";
			};
			name = Debug;
		};
		D23A164D20F893D00042CCA8 /* Release */ = {
			isa = XCBuildConfiguration;
			buildSettings = {
				BUNDLE_LOADER = "$(TEST_HOST)";
				CODE_SIGN_STYLE = Automatic;
				DEVELOPMENT_TEAM = M5AQP3WXJE;
				INFOPLIST_FILE = LQRelayoutButtonTests/Info.plist;
				LD_RUNPATH_SEARCH_PATHS = (
					"$(inherited)",
					"@executable_path/Frameworks",
					"@loader_path/Frameworks",
				);
				PRODUCT_BUNDLE_IDENTIFIER = com.ldshare.LQRelayoutButtonTests;
				PRODUCT_NAME = "$(TARGET_NAME)";
				TARGETED_DEVICE_FAMILY = "1,2";
				TEST_HOST = "$(BUILT_PRODUCTS_DIR)/LQRelayoutButton.app/LQRelayoutButton";
			};
			name = Release;
		};
		D23A164F20F893D00042CCA8 /* Debug */ = {
			isa = XCBuildConfiguration;
			buildSettings = {
				CODE_SIGN_STYLE = Automatic;
				DEVELOPMENT_TEAM = M5AQP3WXJE;
				INFOPLIST_FILE = LQRelayoutButtonUITests/Info.plist;
				LD_RUNPATH_SEARCH_PATHS = (
					"$(inherited)",
					"@executable_path/Frameworks",
					"@loader_path/Frameworks",
				);
				PRODUCT_BUNDLE_IDENTIFIER = com.ldshare.LQRelayoutButtonUITests;
				PRODUCT_NAME = "$(TARGET_NAME)";
				TARGETED_DEVICE_FAMILY = "1,2";
				TEST_TARGET_NAME = LQRelayoutButton;
			};
			name = Debug;
		};
		D23A165020F893D00042CCA8 /* Release */ = {
			isa = XCBuildConfiguration;
			buildSettings = {
				CODE_SIGN_STYLE = Automatic;
				DEVELOPMENT_TEAM = M5AQP3WXJE;
				INFOPLIST_FILE = LQRelayoutButtonUITests/Info.plist;
				LD_RUNPATH_SEARCH_PATHS = (
					"$(inherited)",
					"@executable_path/Frameworks",
					"@loader_path/Frameworks",
				);
				PRODUCT_BUNDLE_IDENTIFIER = com.ldshare.LQRelayoutButtonUITests;
				PRODUCT_NAME = "$(TARGET_NAME)";
				TARGETED_DEVICE_FAMILY = "1,2";
				TEST_TARGET_NAME = LQRelayoutButton;
			};
			name = Release;
		};
/* End XCBuildConfiguration section */

/* Begin XCConfigurationList section */
		D23A161720F893CE0042CCA8 /* Build configuration list for PBXProject "LQRelayoutButton" */ = {
			isa = XCConfigurationList;
			buildConfigurations = (
				D23A164620F893D00042CCA8 /* Debug */,
				D23A164720F893D00042CCA8 /* Release */,
			);
			defaultConfigurationIsVisible = 0;
			defaultConfigurationName = Release;
		};
		D23A164820F893D00042CCA8 /* Build configuration list for PBXNativeTarget "LQRelayoutButton" */ = {
			isa = XCConfigurationList;
			buildConfigurations = (
				D23A164920F893D00042CCA8 /* Debug */,
				D23A164A20F893D00042CCA8 /* Release */,
			);
			defaultConfigurationIsVisible = 0;
			defaultConfigurationName = Release;
		};
		D23A164B20F893D00042CCA8 /* Build configuration list for PBXNativeTarget "LQRelayoutButtonTests" */ = {
			isa = XCConfigurationList;
			buildConfigurations = (
				D23A164C20F893D00042CCA8 /* Debug */,
				D23A164D20F893D00042CCA8 /* Release */,
			);
			defaultConfigurationIsVisible = 0;
			defaultConfigurationName = Release;
		};
		D23A164E20F893D00042CCA8 /* Build configuration list for PBXNativeTarget "LQRelayoutButtonUITests" */ = {
			isa = XCConfigurationList;
			buildConfigurations = (
				D23A164F20F893D00042CCA8 /* Debug */,
				D23A165020F893D00042CCA8 /* Release */,
			);
			defaultConfigurationIsVisible = 0;
			defaultConfigurationName = Release;
		};
/* End XCConfigurationList section */
	};
	rootObject = D23A161420F893CE0042CCA8 /* Project object */;
}
