// !$*UTF8*$!
{
	archiveVersion = 1;
	classes = {
	};
	objectVersion = 46;
	objects = {

/* Begin PBXBuildFile section */
		917474861CDB849B00E321ED /* main.m in Sources */ = {isa = PBXBuildFile; fileRef = 917474851CDB849B00E321ED /* main.m */; };
		917474891CDB849B00E321ED /* AppDelegate.m in Sources */ = {isa = PBXBuildFile; fileRef = 917474881CDB849B00E321ED /* AppDelegate.m */; };
		9174748C1CDB849B00E321ED /* ViewController.m in Sources */ = {isa = PBXBuildFile; fileRef = 9174748B1CDB849B00E321ED /* ViewController.m */; };
		9174748F1CDB849B00E321ED /* Main.storyboard in Resources */ = {isa = PBXBuildFile; fileRef = 9174748D1CDB849B00E321ED /* Main.storyboard */; };
		917474911CDB849B00E321ED /* Assets.xcassets in Resources */ = {isa = PBXBuildFile; fileRef = 917474901CDB849B00E321ED /* Assets.xcassets */; };
		917474941CDB849B00E321ED /* LaunchScreen.storyboard in Resources */ = {isa = PBXBuildFile; fileRef = 917474921CDB849B00E321ED /* LaunchScreen.storyboard */; };
		9174749F1CDB849B00E321ED /* LZRelayoutButtonTests.m in Sources */ = {isa = PBXBuildFile; fileRef = 9174749E1CDB849B00E321ED /* LZRelayoutButtonTests.m */; };
		917474AA1CDB849B00E321ED /* LZRelayoutButtonUITests.m in Sources */ = {isa = PBXBuildFile; fileRef = 917474A91CDB849B00E321ED /* LZRelayoutButtonUITests.m */; };
		917474BA1CDB84E200E321ED /* AppIcon60x60@3x.png in Resources */ = {isa = PBXBuildFile; fileRef = 917474B81CDB84E200E321ED /* AppIcon60x60@3x.png */; };
		917474BB1CDB84E200E321ED /* check_icon@2x.png in Resources */ = {isa = PBXBuildFile; fileRef = 917474B91CDB84E200E321ED /* check_icon@2x.png */; };
		917474BE1CDB850800E321ED /* LZRelayoutButton.m in Sources */ = {isa = PBXBuildFile; fileRef = 917474BD1CDB850800E321ED /* LZRelayoutButton.m */; };
/* End PBXBuildFile section */

/* Begin PBXContainerItemProxy section */
		9174749B1CDB849B00E321ED /* PBXContainerItemProxy */ = {
			isa = PBXContainerItemProxy;
			containerPortal = 917474791CDB849B00E321ED /* Project object */;
			proxyType = 1;
			remoteGlobalIDString = 917474801CDB849B00E321ED;
			remoteInfo = LZRelayoutButton;
		};
		917474A61CDB849B00E321ED /* PBXContainerItemProxy */ = {
			isa = PBXContainerItemProxy;
			containerPortal = 917474791CDB849B00E321ED /* Project object */;
			proxyType = 1;
			remoteGlobalIDString = 917474801CDB849B00E321ED;
			remoteInfo = LZRelayoutButton;
		};
/* End PBXContainerItemProxy section */

/* Begin PBXFileReference section */
		917474811CDB849B00E321ED /* LZRelayoutButton.app */ = {isa = PBXFileReference; explicitFileType = wrapper.application; includeInIndex = 0; path = LZRelayoutButton.app; sourceTree = BUILT_PRODUCTS_DIR; };
		917474851CDB849B00E321ED /* main.m */ = {isa = PBXFileReference; lastKnownFileType = sourcecode.c.objc; path = main.m; sourceTree = "<group>"; };
		917474871CDB849B00E321ED /* AppDelegate.h */ = {isa = PBXFileReference; lastKnownFileType = sourcecode.c.h; path = AppDelegate.h; sourceTree = "<group>"; };
		917474881CDB849B00E321ED /* AppDelegate.m */ = {isa = PBXFileReference; lastKnownFileType = sourcecode.c.objc; path = AppDelegate.m; sourceTree = "<group>"; };
		9174748A1CDB849B00E321ED /* ViewController.h */ = {isa = PBXFileReference; lastKnownFileType = sourcecode.c.h; path = ViewController.h; sourceTree = "<group>"; };
		9174748B1CDB849B00E321ED /* ViewController.m */ = {isa = PBXFileReference; lastKnownFileType = sourcecode.c.objc; path = ViewController.m; sourceTree = "<group>"; };
		9174748E1CDB849B00E321ED /* Base */ = {isa = PBXFileReference; lastKnownFileType = file.storyboard; name = Base; path = Base.lproj/Main.storyboard; sourceTree = "<group>"; };
		917474901CDB849B00E321ED /* Assets.xcassets */ = {isa = PBXFileReference; lastKnownFileType = folder.assetcatalog; path = Assets.xcassets; sourceTree = "<group>"; };
		917474931CDB849B00E321ED /* Base */ = {isa = PBXFileReference; lastKnownFileType = file.storyboard; name = Base; path = Base.lproj/LaunchScreen.storyboard; sourceTree = "<group>"; };
		917474951CDB849B00E321ED /* Info.plist */ = {isa = PBXFileReference; lastKnownFileType = text.plist.xml; path = Info.plist; sourceTree = "<group>"; };
		9174749A1CDB849B00E321ED /* LZRelayoutButtonTests.xctest */ = {isa = PBXFileReference; explicitFileType = wrapper.cfbundle; includeInIndex = 0; path = LZRelayoutButtonTests.xctest; sourceTree = BUILT_PRODUCTS_DIR; };
		9174749E1CDB849B00E321ED /* LZRelayoutButtonTests.m */ = {isa = PBXFileReference; lastKnownFileType = sourcecode.c.objc; path = LZRelayoutButtonTests.m; sourceTree = "<group>"; };
		917474A01CDB849B00E321ED /* Info.plist */ = {isa = PBXFileReference; lastKnownFileType = text.plist.xml; path = Info.plist; sourceTree = "<group>"; };
		917474A51CDB849B00E321ED /* LZRelayoutButtonUITests.xctest */ = {isa = PBXFileReference; explicitFileType = wrapper.cfbundle; includeInIndex = 0; path = LZRelayoutButtonUITests.xctest; sourceTree = BUILT_PRODUCTS_DIR; };
		917474A91CDB849B00E321ED /* LZRelayoutButtonUITests.m */ = {isa = PBXFileReference; lastKnownFileType = sourcecode.c.objc; path = LZRelayoutButtonUITests.m; sourceTree = "<group>"; };
		917474AB1CDB849B00E321ED /* Info.plist */ = {isa = PBXFileReference; lastKnownFileType = text.plist.xml; path = Info.plist; sourceTree = "<group>"; };
		917474B81CDB84E200E321ED /* AppIcon60x60@3x.png */ = {isa = PBXFileReference; lastKnownFileType = image.png; path = "AppIcon60x60@3x.png"; sourceTree = "<group>"; };
		917474B91CDB84E200E321ED /* check_icon@2x.png */ = {isa = PBXFileReference; lastKnownFileType = image.png; path = "check_icon@2x.png"; sourceTree = "<group>"; };
		917474BC1CDB850800E321ED /* LZRelayoutButton.h */ = {isa = PBXFileReference; fileEncoding = 4; lastKnownFileType = sourcecode.c.h; path = LZRelayoutButton.h; sourceTree = "<group>"; };
		917474BD1CDB850800E321ED /* LZRelayoutButton.m */ = {isa = PBXFileReference; fileEncoding = 4; lastKnownFileType = sourcecode.c.objc; path = LZRelayoutButton.m; sourceTree = "<group>"; };
/* End PBXFileReference section */

/* Begin PBXFrameworksBuildPhase section */
		9174747E1CDB849B00E321ED /* Frameworks */ = {
			isa = PBXFrameworksBuildPhase;
			buildActionMask = 2147483647;
			files = (
			);
			runOnlyForDeploymentPostprocessing = 0;
		};
		917474971CDB849B00E321ED /* Frameworks */ = {
			isa = PBXFrameworksBuildPhase;
			buildActionMask = 2147483647;
			files = (
			);
			runOnlyForDeploymentPostprocessing = 0;
		};
		917474A21CDB849B00E321ED /* Frameworks */ = {
			isa = PBXFrameworksBuildPhase;
			buildActionMask = 2147483647;
			files = (
			);
			runOnlyForDeploymentPostprocessing = 0;
		};
/* End PBXFrameworksBuildPhase section */

/* Begin PBXGroup section */
		917474781CDB849B00E321ED = {
			isa = PBXGroup;
			children = (
				917474831CDB849B00E321ED /* LZRelayoutButton */,
				9174749D1CDB849B00E321ED /* LZRelayoutButtonTests */,
				917474A81CDB849B00E321ED /* LZRelayoutButtonUITests */,
				917474821CDB849B00E321ED /* Products */,
			);
			sourceTree = "<group>";
		};
		917474821CDB849B00E321ED /* Products */ = {
			isa = PBXGroup;
			children = (
				917474811CDB849B00E321ED /* LZRelayoutButton.app */,
				9174749A1CDB849B00E321ED /* LZRelayoutButtonTests.xctest */,
				917474A51CDB849B00E321ED /* LZRelayoutButtonUITests.xctest */,
			);
			name = Products;
			sourceTree = "<group>";
		};
		917474831CDB849B00E321ED /* LZRelayoutButton */ = {
			isa = PBXGroup;
			children = (
				917474B81CDB84E200E321ED /* AppIcon60x60@3x.png */,
				917474B91CDB84E200E321ED /* check_icon@2x.png */,
				917474B71CDB84C000E321ED /* LZRelayoutButton */,
				917474871CDB849B00E321ED /* AppDelegate.h */,
				917474881CDB849B00E321ED /* AppDelegate.m */,
				9174748A1CDB849B00E321ED /* ViewController.h */,
				9174748B1CDB849B00E321ED /* ViewController.m */,
				9174748D1CDB849B00E321ED /* Main.storyboard */,
				917474901CDB849B00E321ED /* Assets.xcassets */,
				917474921CDB849B00E321ED /* LaunchScreen.storyboard */,
				917474951CDB849B00E321ED /* Info.plist */,
				917474841CDB849B00E321ED /* Supporting Files */,
			);
			path = LZRelayoutButton;
			sourceTree = "<group>";
		};
		917474841CDB849B00E321ED /* Supporting Files */ = {
			isa = PBXGroup;
			children = (
				917474851CDB849B00E321ED /* main.m */,
			);
			name = "Supporting Files";
			sourceTree = "<group>";
		};
		9174749D1CDB849B00E321ED /* LZRelayoutButtonTests */ = {
			isa = PBXGroup;
			children = (
				9174749E1CDB849B00E321ED /* LZRelayoutButtonTests.m */,
				917474A01CDB849B00E321ED /* Info.plist */,
			);
			path = LZRelayoutButtonTests;
			sourceTree = "<group>";
		};
		917474A81CDB849B00E321ED /* LZRelayoutButtonUITests */ = {
			isa = PBXGroup;
			children = (
				917474A91CDB849B00E321ED /* LZRelayoutButtonUITests.m */,
				917474AB1CDB849B00E321ED /* Info.plist */,
			);
			path = LZRelayoutButtonUITests;
			sourceTree = "<group>";
		};
		917474B71CDB84C000E321ED /* LZRelayoutButton */ = {
			isa = PBXGroup;
			children = (
				917474BC1CDB850800E321ED /* LZRelayoutButton.h */,
				917474BD1CDB850800E321ED /* LZRelayoutButton.m */,
			);
			path = LZRelayoutButton;
			sourceTree = "<group>";
		};
/* End PBXGroup section */

/* Begin PBXNativeTarget section */
		917474801CDB849B00E321ED /* LZRelayoutButton */ = {
			isa = PBXNativeTarget;
			buildConfigurationList = 917474AE1CDB849B00E321ED /* Build configuration list for PBXNativeTarget "LZRelayoutButton" */;
			buildPhases = (
				9174747D1CDB849B00E321ED /* Sources */,
				9174747E1CDB849B00E321ED /* Frameworks */,
				9174747F1CDB849B00E321ED /* Resources */,
			);
			buildRules = (
			);
			dependencies = (
			);
			name = LZRelayoutButton;
			productName = LZRelayoutButton;
			productReference = 917474811CDB849B00E321ED /* LZRelayoutButton.app */;
			productType = "com.apple.product-type.application";
		};
		917474991CDB849B00E321ED /* LZRelayoutButtonTests */ = {
			isa = PBXNativeTarget;
			buildConfigurationList = 917474B11CDB849B00E321ED /* Build configuration list for PBXNativeTarget "LZRelayoutButtonTests" */;
			buildPhases = (
				917474961CDB849B00E321ED /* Sources */,
				917474971CDB849B00E321ED /* Frameworks */,
				917474981CDB849B00E321ED /* Resources */,
			);
			buildRules = (
			);
			dependencies = (
				9174749C1CDB849B00E321ED /* PBXTargetDependency */,
			);
			name = LZRelayoutButtonTests;
			productName = LZRelayoutButtonTests;
			productReference = 9174749A1CDB849B00E321ED /* LZRelayoutButtonTests.xctest */;
			productType = "com.apple.product-type.bundle.unit-test";
		};
		917474A41CDB849B00E321ED /* LZRelayoutButtonUITests */ = {
			isa = PBXNativeTarget;
			buildConfigurationList = 917474B41CDB849B00E321ED /* Build configuration list for PBXNativeTarget "LZRelayoutButtonUITests" */;
			buildPhases = (
				917474A11CDB849B00E321ED /* Sources */,
				917474A21CDB849B00E321ED /* Frameworks */,
				917474A31CDB849B00E321ED /* Resources */,
			);
			buildRules = (
			);
			dependencies = (
				917474A71CDB849B00E321ED /* PBXTargetDependency */,
			);
			name = LZRelayoutButtonUITests;
			productName = LZRelayoutButtonUITests;
			productReference = 917474A51CDB849B00E321ED /* LZRelayoutButtonUITests.xctest */;
			productType = "com.apple.product-type.bundle.ui-testing";
		};
/* End PBXNativeTarget section */

/* Begin PBXProject section */
		917474791CDB849B00E321ED /* Project object */ = {
			isa = PBXProject;
			attributes = {
				LastUpgradeCheck = 0730;
				ORGANIZATIONNAME = Artup;
				TargetAttributes = {
					917474801CDB849B00E321ED = {
						CreatedOnToolsVersion = 7.3;
					};
					917474991CDB849B00E321ED = {
						CreatedOnToolsVersion = 7.3;
						TestTargetID = 917474801CDB849B00E321ED;
					};
					917474A41CDB849B00E321ED = {
						CreatedOnToolsVersion = 7.3;
						TestTargetID = 917474801CDB849B00E321ED;
					};
				};
			};
			buildConfigurationList = 9174747C1CDB849B00E321ED /* Build configuration list for PBXProject "LZRelayoutButton" */;
			compatibilityVersion = "Xcode 3.2";
			developmentRegion = English;
			hasScannedForEncodings = 0;
			knownRegions = (
				en,
				Base,
			);
			mainGroup = 917474781CDB849B00E321ED;
			productRefGroup = 917474821CDB849B00E321ED /* Products */;
			projectDirPath = "";
			projectRoot = "";
			targets = (
				917474801CDB849B00E321ED /* LZRelayoutButton */,
				917474991CDB849B00E321ED /* LZRelayoutButtonTests */,
				917474A41CDB849B00E321ED /* LZRelayoutButtonUITests */,
			);
		};
/* End PBXProject section */

/* Begin PBXResourcesBuildPhase section */
		9174747F1CDB849B00E321ED /* Resources */ = {
			isa = PBXResourcesBuildPhase;
			buildActionMask = 2147483647;
			files = (
				917474941CDB849B00E321ED /* LaunchScreen.storyboard in Resources */,
				917474911CDB849B00E321ED /* Assets.xcassets in Resources */,
				9174748F1CDB849B00E321ED /* Main.storyboard in Resources */,
				917474BA1CDB84E200E321ED /* AppIcon60x60@3x.png in Resources */,
				917474BB1CDB84E200E321ED /* check_icon@2x.png in Resources */,
			);
			runOnlyForDeploymentPostprocessing = 0;
		};
		917474981CDB849B00E321ED /* Resources */ = {
			isa = PBXResourcesBuildPhase;
			buildActionMask = 2147483647;
			files = (
			);
			runOnlyForDeploymentPostprocessing = 0;
		};
		917474A31CDB849B00E321ED /* Resources */ = {
			isa = PBXResourcesBuildPhase;
			buildActionMask = 2147483647;
			files = (
			);
			runOnlyForDeploymentPostprocessing = 0;
		};
/* End PBXResourcesBuildPhase section */

/* Begin PBXSourcesBuildPhase section */
		9174747D1CDB849B00E321ED /* Sources */ = {
			isa = PBXSourcesBuildPhase;
			buildActionMask = 2147483647;
			files = (
				917474BE1CDB850800E321ED /* LZRelayoutButton.m in Sources */,
				9174748C1CDB849B00E321ED /* ViewController.m in Sources */,
				917474891CDB849B00E321ED /* AppDelegate.m in Sources */,
				917474861CDB849B00E321ED /* main.m in Sources */,
			);
			runOnlyForDeploymentPostprocessing = 0;
		};
		917474961CDB849B00E321ED /* Sources */ = {
			isa = PBXSourcesBuildPhase;
			buildActionMask = 2147483647;
			files = (
				9174749F1CDB849B00E321ED /* LZRelayoutButtonTests.m in Sources */,
			);
			runOnlyForDeploymentPostprocessing = 0;
		};
		917474A11CDB849B00E321ED /* Sources */ = {
			isa = PBXSourcesBuildPhase;
			buildActionMask = 2147483647;
			files = (
				917474AA1CDB849B00E321ED /* LZRelayoutButtonUITests.m in Sources */,
			);
			runOnlyForDeploymentPostprocessing = 0;
		};
/* End PBXSourcesBuildPhase section */

/* Begin PBXTargetDependency section */
		9174749C1CDB849B00E321ED /* PBXTargetDependency */ = {
			isa = PBXTargetDependency;
			target = 917474801CDB849B00E321ED /* LZRelayoutButton */;
			targetProxy = 9174749B1CDB849B00E321ED /* PBXContainerItemProxy */;
		};
		917474A71CDB849B00E321ED /* PBXTargetDependency */ = {
			isa = PBXTargetDependency;
			target = 917474801CDB849B00E321ED /* LZRelayoutButton */;
			targetProxy = 917474A61CDB849B00E321ED /* PBXContainerItemProxy */;
		};
/* End PBXTargetDependency section */

/* Begin PBXVariantGroup section */
		9174748D1CDB849B00E321ED /* Main.storyboard */ = {
			isa = PBXVariantGroup;
			children = (
				9174748E1CDB849B00E321ED /* Base */,
			);
			name = Main.storyboard;
			sourceTree = "<group>";
		};
		917474921CDB849B00E321ED /* LaunchScreen.storyboard */ = {
			isa = PBXVariantGroup;
			children = (
				917474931CDB849B00E321ED /* Base */,
			);
			name = LaunchScreen.storyboard;
			sourceTree = "<group>";
		};
/* End PBXVariantGroup section */

/* Begin XCBuildConfiguration section */
		917474AC1CDB849B00E321ED /* Debug */ = {
			isa = XCBuildConfiguration;
			buildSettings = {
				ALWAYS_SEARCH_USER_PATHS = NO;
				CLANG_ANALYZER_NONNULL = YES;
				CLANG_CXX_LANGUAGE_STANDARD = "gnu++0x";
				CLANG_CXX_LIBRARY = "libc++";
				CLANG_ENABLE_MODULES = YES;
				CLANG_ENABLE_OBJC_ARC = YES;
				CLANG_WARN_BOOL_CONVERSION = YES;
				CLANG_WARN_CONSTANT_CONVERSION = YES;
				CLANG_WARN_DIRECT_OBJC_ISA_USAGE = YES_ERROR;
				CLANG_WARN_EMPTY_BODY = YES;
				CLANG_WARN_ENUM_CONVERSION = YES;
				CLANG_WARN_INT_CONVERSION = YES;
				CLANG_WARN_OBJC_ROOT_CLASS = YES_ERROR;
				CLANG_WARN_UNREACHABLE_CODE = YES;
				CLANG_WARN__DUPLICATE_METHOD_MATCH = YES;
				"CODE_SIGN_IDENTITY[sdk=iphoneos*]" = "iPhone Developer";
				COPY_PHASE_STRIP = NO;
				DEBUG_INFORMATION_FORMAT = dwarf;
				ENABLE_STRICT_OBJC_MSGSEND = YES;
				ENABLE_TESTABILITY = YES;
				GCC_C_LANGUAGE_STANDARD = gnu99;
				GCC_DYNAMIC_NO_PIC = NO;
				GCC_NO_COMMON_BLOCKS = YES;
				GCC_OPTIMIZATION_LEVEL = 0;
				GCC_PREPROCESSOR_DEFINITIONS = (
					"DEBUG=1",
					"$(inherited)",
				);
				GCC_WARN_64_TO_32_BIT_CONVERSION = YES;
				GCC_WARN_ABOUT_RETURN_TYPE = YES_ERROR;
				GCC_WARN_UNDECLARED_SELECTOR = YES;
				GCC_WARN_UNINITIALIZED_AUTOS = YES_AGGRESSIVE;
				GCC_WARN_UNUSED_FUNCTION = YES;
				GCC_WARN_UNUSED_VARIABLE = YES;
				IPHONEOS_DEPLOYMENT_TARGET = 9.3;
				MTL_ENABLE_DEBUG_INFO = YES;
				ONLY_ACTIVE_ARCH = YES;
				SDKROOT = iphoneos;
				TARGETED_DEVICE_FAMILY = "1,2";
			};
			name = Debug;
		};
		917474AD1CDB849B00E321ED /* Release */ = {
			isa = XCBuildConfiguration;
			buildSettings = {
				ALWAYS_SEARCH_USER_PATHS = NO;
				CLANG_ANALYZER_NONNULL = YES;
				CLANG_CXX_LANGUAGE_STANDARD = "gnu++0x";
				CLANG_CXX_LIBRARY = "libc++";
				CLANG_ENABLE_MODULES = YES;
				CLANG_ENABLE_OBJC_ARC = YES;
				CLANG_WARN_BOOL_CONVERSION = YES;
				CLANG_WARN_CONSTANT_CONVERSION = YES;
				CLANG_WARN_DIRECT_OBJC_ISA_USAGE = YES_ERROR;
				CLANG_WARN_EMPTY_BODY = YES;
				CLANG_WARN_ENUM_CONVERSION = YES;
				CLANG_WARN_INT_CONVERSION = YES;
				CLANG_WARN_OBJC_ROOT_CLASS = YES_ERROR;
				CLANG_WARN_UNREACHABLE_CODE = YES;
				CLANG_WARN__DUPLICATE_METHOD_MATCH = YES;
				"CODE_SIGN_IDENTITY[sdk=iphoneos*]" = "iPhone Developer";
				COPY_PHASE_STRIP = NO;
				DEBUG_INFORMATION_FORMAT = "dwarf-with-dsym";
				ENABLE_NS_ASSERTIONS = NO;
				ENABLE_STRICT_OBJC_MSGSEND = YES;
				GCC_C_LANGUAGE_STANDARD = gnu99;
				GCC_NO_COMMON_BLOCKS = YES;
				GCC_WARN_64_TO_32_BIT_CONVERSION = YES;
				GCC_WARN_ABOUT_RETURN_TYPE = YES_ERROR;
				GCC_WARN_UNDECLARED_SELECTOR = YES;
				GCC_WARN_UNINITIALIZED_AUTOS = YES_AGGRESSIVE;
				GCC_WARN_UNUSED_FUNCTION = YES;
				GCC_WARN_UNUSED_VARIABLE = YES;
				IPHONEOS_DEPLOYMENT_TARGET = 9.3;
				MTL_ENABLE_DEBUG_INFO = NO;
				SDKROOT = iphoneos;
				TARGETED_DEVICE_FAMILY = "1,2";
				VALIDATE_PRODUCT = YES;
			};
			name = Release;
		};
		917474AF1CDB849B00E321ED /* Debug */ = {
			isa = XCBuildConfiguration;
			buildSettings = {
				ASSETCATALOG_COMPILER_APPICON_NAME = AppIcon;
				INFOPLIST_FILE = LZRelayoutButton/Info.plist;
				LD_RUNPATH_SEARCH_PATHS = "$(inherited) @executable_path/Frameworks";
				PRODUCT_BUNDLE_IDENTIFIER = com.artup.LZRelayoutButton;
				PRODUCT_NAME = "$(TARGET_NAME)";
			};
			name = Debug;
		};
		917474B01CDB849B00E321ED /* Release */ = {
			isa = XCBuildConfiguration;
			buildSettings = {
				ASSETCATALOG_COMPILER_APPICON_NAME = AppIcon;
				INFOPLIST_FILE = LZRelayoutButton/Info.plist;
				LD_RUNPATH_SEARCH_PATHS = "$(inherited) @executable_path/Frameworks";
				PRODUCT_BUNDLE_IDENTIFIER = com.artup.LZRelayoutButton;
				PRODUCT_NAME = "$(TARGET_NAME)";
			};
			name = Release;
		};
		917474B21CDB849B00E321ED /* Debug */ = {
			isa = XCBuildConfiguration;
			buildSettings = {
				BUNDLE_LOADER = "$(TEST_HOST)";
				INFOPLIST_FILE = LZRelayoutButtonTests/Info.plist;
				LD_RUNPATH_SEARCH_PATHS = "$(inherited) @executable_path/Frameworks @loader_path/Frameworks";
				PRODUCT_BUNDLE_IDENTIFIER = com.artup.LZRelayoutButtonTests;
				PRODUCT_NAME = "$(TARGET_NAME)";
				TEST_HOST = "$(BUILT_PRODUCTS_DIR)/LZRelayoutButton.app/LZRelayoutButton";
			};
			name = Debug;
		};
		917474B31CDB849B00E321ED /* Release */ = {
			isa = XCBuildConfiguration;
			buildSettings = {
				BUNDLE_LOADER = "$(TEST_HOST)";
				INFOPLIST_FILE = LZRelayoutButtonTests/Info.plist;
				LD_RUNPATH_SEARCH_PATHS = "$(inherited) @executable_path/Frameworks @loader_path/Frameworks";
				PRODUCT_BUNDLE_IDENTIFIER = com.artup.LZRelayoutButtonTests;
				PRODUCT_NAME = "$(TARGET_NAME)";
				TEST_HOST = "$(BUILT_PRODUCTS_DIR)/LZRelayoutButton.app/LZRelayoutButton";
			};
			name = Release;
		};
		917474B51CDB849B00E321ED /* Debug */ = {
			isa = XCBuildConfiguration;
			buildSettings = {
				INFOPLIST_FILE = LZRelayoutButtonUITests/Info.plist;
				LD_RUNPATH_SEARCH_PATHS = "$(inherited) @executable_path/Frameworks @loader_path/Frameworks";
				PRODUCT_BUNDLE_IDENTIFIER = com.artup.LZRelayoutButtonUITests;
				PRODUCT_NAME = "$(TARGET_NAME)";
				TEST_TARGET_NAME = LZRelayoutButton;
			};
			name = Debug;
		};
		917474B61CDB849B00E321ED /* Release */ = {
			isa = XCBuildConfiguration;
			buildSettings = {
				INFOPLIST_FILE = LZRelayoutButtonUITests/Info.plist;
				LD_RUNPATH_SEARCH_PATHS = "$(inherited) @executable_path/Frameworks @loader_path/Frameworks";
				PRODUCT_BUNDLE_IDENTIFIER = com.artup.LZRelayoutButtonUITests;
				PRODUCT_NAME = "$(TARGET_NAME)";
				TEST_TARGET_NAME = LZRelayoutButton;
			};
			name = Release;
		};
/* End XCBuildConfiguration section */

/* Begin XCConfigurationList section */
		9174747C1CDB849B00E321ED /* Build configuration list for PBXProject "LZRelayoutButton" */ = {
			isa = XCConfigurationList;
			buildConfigurations = (
				917474AC1CDB849B00E321ED /* Debug */,
				917474AD1CDB849B00E321ED /* Release */,
			);
			defaultConfigurationIsVisible = 0;
			defaultConfigurationName = Release;
		};
		917474AE1CDB849B00E321ED /* Build configuration list for PBXNativeTarget "LZRelayoutButton" */ = {
			isa = XCConfigurationList;
			buildConfigurations = (
				917474AF1CDB849B00E321ED /* Debug */,
				917474B01CDB849B00E321ED /* Release */,
			);
			defaultConfigurationIsVisible = 0;
		};
		917474B11CDB849B00E321ED /* Build configuration list for PBXNativeTarget "LZRelayoutButtonTests" */ = {
			isa = XCConfigurationList;
			buildConfigurations = (
				917474B21CDB849B00E321ED /* Debug */,
				917474B31CDB849B00E321ED /* Release */,
			);
			defaultConfigurationIsVisible = 0;
		};
		917474B41CDB849B00E321ED /* Build configuration list for PBXNativeTarget "LZRelayoutButtonUITests" */ = {
			isa = XCConfigurationList;
			buildConfigurations = (
				917474B51CDB849B00E321ED /* Debug */,
				917474B61CDB849B00E321ED /* Release */,
			);
			defaultConfigurationIsVisible = 0;
		};
/* End XCConfigurationList section */
	};
	rootObject = 917474791CDB849B00E321ED /* Project object */;
}
